
Microsoft Visual Studio Solution File, Format Version 12.00
# Visual Studio 15
VisualStudioVersion = 15.0.28307.421
MinimumVisualStudioVersion = 10.0.40219.1
Project("{FAE04EC0-301F-11D3-BF4B-00C04F79EFBC}") = "ClientProxy-P4-042", "ClientProxy-P4-042\ClientProxy-P4-042.csproj", "{BE0BB550-8C56-4233-879C-D1207E0A7F9E}"
EndProject
Global
	GlobalSection(SolutionConfigurationPlatforms) = preSolution
		Debug|Any CPU = Debug|Any CPU
		Release|Any CPU = Release|Any CPU
	EndGlobalSection
	GlobalSection(ProjectConfigurationPlatforms) = postSolution
		{BE0BB550-8C56-4233-879C-D1207E0A7F9E}.Debug|Any CPU.ActiveCfg = Debug|Any CPU
		{BE0BB550-8C56-4233-879C-D1207E0A7F9E}.Debug|Any CPU.Build.0 = Debug|Any CPU
		{BE0BB550-8C56-4233-879C-D1207E0A7F9E}.Release|Any CPU.ActiveCfg = Release|Any CPU
		{BE0BB550-8C56-4233-879C-D1207E0A7F9E}.Release|Any CPU.Build.0 = Release|Any CPU
	EndGlobalSection
	GlobalSection(SolutionProperties) = preSolution
		HideSolutionNode = FALSE
	EndGlobalSection
	GlobalSection(ExtensibilityGlobals) = postSolution
		SolutionGuid = {CF879AAF-1D74-47DF-92DC-4123CA6BD6DA}
	EndGlobalSection
EndGlobal
